
Microsoft Visual Studio Solution File, Format Version 12.00
# Visual Studio 15
VisualStudioVersion = 15.0.28010.2036
MinimumVisualStudioVersion = 10.0.40219.1
Project("{9A19103F-16F7-4668-BE54-9A1E7A4F7556}") = "Yetkilim.Web", "Yetkilim.Web\Yetkilim.Web.csproj", "{979FB258-2D77-45F6-B853-C4A3DAED9E83}"
EndProject
Project("{9A19103F-16F7-4668-BE54-9A1E7A4F7556}") = "Yetkilim.Infrastructure", "Yetkilim.Infrastructure\Yetkilim.Infrastructure.csproj", "{C1AE3B1A-0F57-4480-A484-2BBD3C8A13D4}"
EndProject
Project("{9A19103F-16F7-4668-BE54-9A1E7A4F7556}") = "Yetkilim.Domain", "Yetkilim.Domain\Yetkilim.Domain.csproj", "{32B1F4BA-90B3-4DA4-92A1-1DC9CAF9CDC1}"
EndProject
Project("{9A19103F-16F7-4668-BE54-9A1E7A4F7556}") = "Yetkilim.Global", "Yetkilim.Global\Yetkilim.Global.csproj", "{35A9F12C-0E26-4D37-A64E-BC08262120D0}"
EndProject
Project("{9A19103F-16F7-4668-BE54-9A1E7A4F7556}") = "Yetkilim.Business", "Yetkilim.Business\Yetkilim.Business.csproj", "{2834290E-9727-41AB-A1E0-0D780FCB52EF}"
EndProject
Global
	GlobalSection(SolutionConfigurationPlatforms) = preSolution
		Debug|Any CPU = Debug|Any CPU
		Release|Any CPU = Release|Any CPU
	EndGlobalSection
	GlobalSection(ProjectConfigurationPlatforms) = postSolution
		{979FB258-2D77-45F6-B853-C4A3DAED9E83}.Debug|Any CPU.ActiveCfg = Debug|Any CPU
		{979FB258-2D77-45F6-B853-C4A3DAED9E83}.Debug|Any CPU.Build.0 = Debug|Any CPU
		{979FB258-2D77-45F6-B853-C4A3DAED9E83}.Release|Any CPU.ActiveCfg = Release|Any CPU
		{979FB258-2D77-45F6-B853-C4A3DAED9E83}.Release|Any CPU.Build.0 = Release|Any CPU
		{C1AE3B1A-0F57-4480-A484-2BBD3C8A13D4}.Debug|Any CPU.ActiveCfg = Debug|Any CPU
		{C1AE3B1A-0F57-4480-A484-2BBD3C8A13D4}.Debug|Any CPU.Build.0 = Debug|Any CPU
		{C1AE3B1A-0F57-4480-A484-2BBD3C8A13D4}.Release|Any CPU.ActiveCfg = Release|Any CPU
		{C1AE3B1A-0F57-4480-A484-2BBD3C8A13D4}.Release|Any CPU.Build.0 = Release|Any CPU
		{32B1F4BA-90B3-4DA4-92A1-1DC9CAF9CDC1}.Debug|Any CPU.ActiveCfg = Debug|Any CPU
		{32B1F4BA-90B3-4DA4-92A1-1DC9CAF9CDC1}.Debug|Any CPU.Build.0 = Debug|Any CPU
		{32B1F4BA-90B3-4DA4-92A1-1DC9CAF9CDC1}.Release|Any CPU.ActiveCfg = Release|Any CPU
		{32B1F4BA-90B3-4DA4-92A1-1DC9CAF9CDC1}.Release|Any CPU.Build.0 = Release|Any CPU
		{35A9F12C-0E26-4D37-A64E-BC08262120D0}.Debug|Any CPU.ActiveCfg = Debug|Any CPU
		{35A9F12C-0E26-4D37-A64E-BC08262120D0}.Debug|Any CPU.Build.0 = Debug|Any CPU
		{35A9F12C-0E26-4D37-A64E-BC08262120D0}.Release|Any CPU.ActiveCfg = Release|Any CPU
		{35A9F12C-0E26-4D37-A64E-BC08262120D0}.Release|Any CPU.Build.0 = Release|Any CPU
		{2834290E-9727-41AB-A1E0-0D780FCB52EF}.Debug|Any CPU.ActiveCfg = Debug|Any CPU
		{2834290E-9727-41AB-A1E0-0D780FCB52EF}.Debug|Any CPU.Build.0 = Debug|Any CPU
		{2834290E-9727-41AB-A1E0-0D780FCB52EF}.Release|Any CPU.ActiveCfg = Release|Any CPU
		{2834290E-9727-41AB-A1E0-0D780FCB52EF}.Release|Any CPU.Build.0 = Release|Any CPU
	EndGlobalSection
	GlobalSection(SolutionProperties) = preSolution
		HideSolutionNode = FALSE
	EndGlobalSection
	GlobalSection(ExtensibilityGlobals) = postSolution
		SolutionGuid = {62FC77E1-FD41-4E55-8AFA-DA1E0702B4B8}
	EndGlobalSection
EndGlobal
